{
  "version": 4,
  "terraform_version": "1.12.2",
  "serial": 141,
  "lineage": "be6364ee-9982-f271-9c20-c5697b74ac82",
  "outputs": {
    "bigquery_dataset_id": {
      "value": "cmek_poc_dataset",
      "type": "string"
    },
    "bigquery_dataset_location": {
      "value": "europe-west1",
      "type": "string"
    },
    "bigquery_tables": {
      "value": {
        "customers": "customers",
        "performance_metrics": "performance_metrics",
        "transactions": "transactions"
      },
      "type": [
        "object",
        {
          "customers": "string",
          "performance_metrics": "string",
          "transactions": "string"
        }
      ]
    },
    "cloud_run_service_account_email": {
      "value": "cmek-poc-run-sa@vl-data-learn.iam.gserviceaccount.com",
      "type": "string"
    },
    "cloud_run_service_name": {
      "value": "cmek-poc-processor",
      "type": "string"
    },
    "cloud_run_url": {
      "value": "https://cmek-poc-processor-lc2vzwuzwq-ew.a.run.app",
      "type": "string"
    },
    "configuration_summary": {
      "value": {
        "cloud_run_cpu": "2",
        "cloud_run_max_instances": 5,
        "cloud_run_memory": "4Gi",
        "cloud_run_min_instances": 0,
        "enable_monitoring": true,
        "environment": "demo",
        "key_rotation_period": "7776000",
        "project_id": "vl-data-learn",
        "region": "europe-west1",
        "scheduler_frequency": "0 9 * * *",
        "storage_lifecycle_age": 90
      },
      "type": [
        "object",
        {
          "cloud_run_cpu": "string",
          "cloud_run_max_instances": "number",
          "cloud_run_memory": "string",
          "cloud_run_min_instances": "number",
          "enable_monitoring": "bool",
          "environment": "string",
          "key_rotation_period": "string",
          "project_id": "string",
          "region": "string",
          "scheduler_frequency": "string",
          "storage_lifecycle_age": "number"
        }
      ]
    },
    "deployment_summary": {
      "value": {
        "bigquery_dataset": "cmek_poc_dataset",
        "cloud_run_service": "cmek-poc-processor",
        "cloud_run_url": "https://cmek-poc-processor-lc2vzwuzwq-ew.a.run.app",
        "environment": "demo",
        "kms_key": "cmek-poc-key",
        "kms_key_ring": "cmek-poc-keyring",
        "project_id": "vl-data-learn",
        "region": "europe-west1",
        "scheduler_job": "cmek-poc-scheduler",
        "storage_bucket": "cmek-poc-data-6a824d14"
      },
      "type": [
        "object",
        {
          "bigquery_dataset": "string",
          "cloud_run_service": "string",
          "cloud_run_url": "string",
          "environment": "string",
          "kms_key": "string",
          "kms_key_ring": "string",
          "project_id": "string",
          "region": "string",
          "scheduler_job": "string",
          "storage_bucket": "string"
        }
      ]
    },
    "kms_key_id": {
      "value": "projects/vl-data-learn/locations/europe-west1/keyRings/cmek-poc-keyring/cryptoKeys/cmek-poc-key",
      "type": "string"
    },
    "kms_key_name": {
      "value": "cmek-poc-key",
      "type": "string"
    },
    "kms_key_ring_name": {
      "value": "cmek-poc-keyring",
      "type": "string"
    },
    "scheduler_job_name": {
      "value": "cmek-poc-scheduler",
      "type": "string"
    },
    "security_info": {
      "value": {
        "encryption_at_rest": "All data encrypted with customer-managed keys",
        "kms_key_rotation_enabled": "Automatic rotation every 90 days",
        "service_account": "cmek-poc-run-sa@vl-data-learn.iam.gserviceaccount.com",
        "verify_bigquery_encryption": "Check BigQuery dataset encryption in console or use: bq show --encryption_service_account --format=prettyjson vl-data-learn:cmek_poc_dataset",
        "verify_storage_encryption": "Check bucket encryption: gsutil kms encryption gs://cmek-poc-data-6a824d14"
      },
      "type": [
        "object",
        {
          "encryption_at_rest": "string",
          "kms_key_rotation_enabled": "string",
          "service_account": "string",
          "verify_bigquery_encryption": "string",
          "verify_storage_encryption": "string"
        }
      ]
    },
    "storage_bucket_name": {
      "value": "cmek-poc-data-6a824d14",
      "type": "string"
    },
    "storage_bucket_url": {
      "value": "gs://cmek-poc-data-6a824d14",
      "type": "string"
    },
    "useful_commands": {
      "value": {
        "bigquery_query_example": "bq query --use_legacy_sql=false 'SELECT * FROM `vl-data-learn.cmek_poc_dataset.customers` LIMIT 10'",
        "cloud_run_describe": "gcloud run services describe cmek-poc-processor --region=europe-west1",
        "cloud_run_logs": "gcloud run services logs read cmek-poc-processor --region=europe-west1",
        "kms_key_info": "gcloud kms keys describe cmek-poc-key --keyring=cmek-poc-keyring --location=europe-west1",
        "kms_list_versions": "gcloud kms keys versions list --key=cmek-poc-key --keyring=cmek-poc-keyring --location=europe-west1",
        "scheduler_logs": "gcloud scheduler jobs describe cmek-poc-scheduler --location=europe-west1",
        "scheduler_run_now": "gcloud scheduler jobs run cmek-poc-scheduler --location=europe-west1",
        "storage_list_files": "gsutil ls gs://cmek-poc-data-6a824d14/",
        "storage_upload_sample": "gsutil cp sample-data.csv gs://cmek-poc-data-6a824d14/sample-data/"
      },
      "type": [
        "object",
        {
          "bigquery_query_example": "string",
          "cloud_run_describe": "string",
          "cloud_run_logs": "string",
          "kms_key_info": "string",
          "kms_list_versions": "string",
          "scheduler_logs": "string",
          "scheduler_run_now": "string",
          "storage_list_files": "string",
          "storage_upload_sample": "string"
        }
      ]
    }
  },
  "resources": [
    {
      "mode": "data",
      "type": "google_project",
      "name": "current",
      "provider": "provider[\"registry.terraform.io/hashicorp/google\"]",
      "instances": [
        {
          "schema_version": 0,
          "attributes": {
            "auto_create_network": null,
            "billing_account": "01705D-9EDEE4-139E9A",
            "deletion_policy": "DELETE",
            "effective_labels": {},
            "folder_id": null,
            "id": "projects/vl-data-learn",
            "labels": {},
            "name": "vl-data-learn",
            "number": "557077729377",
            "org_id": null,
            "project_id": "vl-data-learn",
            "skip_delete": null,
            "terraform_labels": {}
          },
          "sensitive_attributes": [],
          "identity_schema_version": 0
        }
      ]
    },
    {
      "mode": "managed",
      "type": "google_bigquery_dataset",
      "name": "cmek_dataset",
      "provider": "provider[\"registry.terraform.io/hashicorp/google\"]",
      "instances": [
        {
          "schema_version": 0,
          "attributes": {
            "access": [
              {
                "dataset": [],
                "domain": "",
                "group_by_email": "",
                "iam_member": "",
                "role": "OWNER",
                "routine": [],
                "special_group": "",
                "user_by_email": "lukosiunas.v@gmail.com",
                "view": []
              },
              {
                "dataset": [],
                "domain": "",
                "group_by_email": "",
                "iam_member": "",
                "role": "READER",
                "routine": [],
                "special_group": "projectReaders",
                "user_by_email": "",
                "view": []
              },
              {
                "dataset": [],
                "domain": "",
                "group_by_email": "",
                "iam_member": "",
                "role": "WRITER",
                "routine": [],
                "special_group": "projectWriters",
                "user_by_email": "",
                "view": []
              }
            ],
            "creation_time": 1748536336020,
            "dataset_id": "cmek_poc_dataset",
            "default_collation": "",
            "default_encryption_configuration": [
              {
                "kms_key_name": "projects/vl-data-learn/locations/europe-west1/keyRings/cmek-poc-keyring/cryptoKeys/cmek-poc-key"
              }
            ],
            "default_partition_expiration_ms": 0,
            "default_table_expiration_ms": 0,
            "delete_contents_on_destroy": false,
            "description": "Dataset demonstrating Customer-Managed Encryption Keys (CMEK)",
            "effective_labels": {
              "encryption": "cmek",
              "environment": "demo",
              "purpose": "demo"
            },
            "etag": "UQlVl/yZin1Suh/KBM7yCQ==",
            "external_dataset_reference": [],
            "friendly_name": "",
            "id": "projects/vl-data-learn/datasets/cmek_poc_dataset",
            "is_case_insensitive": false,
            "labels": {
              "encryption": "cmek",
              "environment": "demo",
              "purpose": "demo"
            },
            "last_modified_time": 1750424834907,
            "location": "europe-west1",
            "max_time_travel_hours": "168",
            "project": "vl-data-learn",
            "resource_tags": {},
            "self_link": "https://bigquery.googleapis.com/bigquery/v2/projects/vl-data-learn/datasets/cmek_poc_dataset",
            "storage_billing_model": "",
            "terraform_labels": {
              "encryption": "cmek",
              "environment": "demo",
              "purpose": "demo"
            },
            "timeouts": null
          },
          "sensitive_attributes": [],
          "identity_schema_version": 0,
          "private": "eyJlMmJmYjczMC1lY2FhLTExZTYtOGY4OC0zNDM2M2JjN2M0YzAiOnsiY3JlYXRlIjoxMjAwMDAwMDAwMDAwLCJkZWxldGUiOjEyMDAwMDAwMDAwMDAsInVwZGF0ZSI6MTIwMDAwMDAwMDAwMH19",
          "dependencies": [
            "data.google_project.current",
            "google_kms_crypto_key.cmek_key",
            "google_kms_crypto_key_iam_binding.cmek_services",
            "google_kms_key_ring.cmek_keyring",
            "google_project_service.required_apis",
            "google_service_account.cloud_run_sa",
            "time_sleep.wait_for_apis",
            "time_sleep.wait_for_bigquery_iam"
          ]
        }
      ]
    },
    {
      "mode": "managed",
      "type": "google_bigquery_table",
      "name": "customers",
      "provider": "provider[\"registry.terraform.io/hashicorp/google\"]",
      "instances": [
        {
          "schema_version": 0,
          "attributes": {
            "allow_resource_tags_on_deletion": false,
            "clustering": null,
            "creation_time": 1750424530828,
            "dataset_id": "cmek_poc_dataset",
            "deletion_protection": false,
            "description": "Customer information table with PII data",
            "effective_labels": {
              "data_type": "pii",
              "encryption": "cmek",
              "environment": "demo"
            },
            "encryption_configuration": [
              {
                "kms_key_name": "projects/vl-data-learn/locations/europe-west1/keyRings/cmek-poc-keyring/cryptoKeys/cmek-poc-key",
                "kms_key_version": ""
              }
            ],
            "etag": "y6iGirg3XtnLh0PtzVVAbQ==",
            "expiration_time": 0,
            "external_data_configuration": [],
            "friendly_name": "",
            "id": "projects/vl-data-learn/datasets/cmek_poc_dataset/tables/customers",
            "labels": {
              "data_type": "pii",
              "encryption": "cmek",
              "environment": "demo"
            },
            "last_modified_time": 1750424530928,
            "location": "europe-west1",
            "materialized_view": [],
            "max_staleness": "",
            "num_bytes": 0,
            "num_long_term_bytes": 0,
            "num_rows": 0,
            "project": "vl-data-learn",
            "range_partitioning": [],
            "require_partition_filter": false,
            "resource_tags": {},
            "schema": "[{\"description\":\"Unique customer identifier\",\"mode\":\"REQUIRED\",\"name\":\"customer_id\",\"type\":\"STRING\"},{\"description\":\"Customer email address (PII)\",\"mode\":\"REQUIRED\",\"name\":\"email\",\"type\":\"STRING\"},{\"description\":\"Customer full name (PII)\",\"mode\":\"REQUIRED\",\"name\":\"full_name\",\"type\":\"STRING\"},{\"description\":\"Customer phone number (PII)\",\"mode\":\"NULLABLE\",\"name\":\"phone_number\",\"type\":\"STRING\"},{\"description\":\"Account registration timestamp\",\"mode\":\"REQUIRED\",\"name\":\"registration_date\",\"type\":\"TIMESTAMP\"},{\"description\":\"Customer country\",\"mode\":\"REQUIRED\",\"name\":\"country\",\"type\":\"STRING\"}]",
            "self_link": "https://bigquery.googleapis.com/bigquery/v2/projects/vl-data-learn/datasets/cmek_poc_dataset/tables/customers",
            "table_constraints": [],
            "table_id": "customers",
            "table_replication_info": [],
            "terraform_labels": {
              "data_type": "pii",
              "encryption": "cmek",
              "environment": "demo"
            },
            "time_partitioning": [],
            "type": "TABLE",
            "view": []
          },
          "sensitive_attributes": [],
          "identity_schema_version": 0,
          "private": "bnVsbA==",
          "dependencies": [
            "data.google_project.current",
            "google_bigquery_dataset.cmek_dataset",
            "google_kms_crypto_key.cmek_key",
            "google_kms_crypto_key_iam_binding.cmek_services",
            "google_kms_key_ring.cmek_keyring",
            "google_project_service.required_apis",
            "google_service_account.cloud_run_sa",
            "time_sleep.wait_for_apis",
            "time_sleep.wait_for_bigquery_iam"
          ]
        }
      ]
    },
    {
      "mode": "managed",
      "type": "google_bigquery_table",
      "name": "performance_metrics",
      "provider": "provider[\"registry.terraform.io/hashicorp/google\"]",
      "instances": [
        {
          "schema_version": 0,
          "attributes": {
            "allow_resource_tags_on_deletion": false,
            "clustering": null,
            "creation_time": 1750424530828,
            "dataset_id": "cmek_poc_dataset",
            "deletion_protection": false,
            "description": "Performance metrics for CMEK operations",
            "effective_labels": {
              "encryption": "cmek",
              "environment": "demo",
              "purpose": "metrics"
            },
            "encryption_configuration": [
              {
                "kms_key_name": "projects/vl-data-learn/locations/europe-west1/keyRings/cmek-poc-keyring/cryptoKeys/cmek-poc-key",
                "kms_key_version": ""
              }
            ],
            "etag": "tvbyMcCfnR1UKnOQwWoegg==",
            "expiration_time": 0,
            "external_data_configuration": [],
            "friendly_name": "",
            "id": "projects/vl-data-learn/datasets/cmek_poc_dataset/tables/performance_metrics",
            "labels": {
              "encryption": "cmek",
              "environment": "demo",
              "purpose": "metrics"
            },
            "last_modified_time": 1750424530925,
            "location": "europe-west1",
            "materialized_view": [],
            "max_staleness": "",
            "num_bytes": 0,
            "num_long_term_bytes": 0,
            "num_rows": 0,
            "project": "vl-data-learn",
            "range_partitioning": [],
            "require_partition_filter": false,
            "resource_tags": {},
            "schema": "[{\"description\":\"Unique metric identifier\",\"mode\":\"REQUIRED\",\"name\":\"metric_id\",\"type\":\"STRING\"},{\"description\":\"When the test was executed\",\"mode\":\"REQUIRED\",\"name\":\"test_run_date\",\"type\":\"TIMESTAMP\"},{\"description\":\"Type of encryption used (CMEK, DEFAULT)\",\"mode\":\"REQUIRED\",\"name\":\"encryption_type\",\"type\":\"STRING\"},{\"description\":\"Type of operation measured\",\"mode\":\"REQUIRED\",\"name\":\"operation_type\",\"type\":\"STRING\"},{\"description\":\"Execution time in milliseconds\",\"mode\":\"REQUIRED\",\"name\":\"execution_time_ms\",\"type\":\"INTEGER\"},{\"description\":\"Number of rows processed\",\"mode\":\"NULLABLE\",\"name\":\"rows_processed\",\"type\":\"INTEGER\"},{\"description\":\"Data size in bytes\",\"mode\":\"NULLABLE\",\"name\":\"data_size_bytes\",\"type\":\"INTEGER\"}]",
            "self_link": "https://bigquery.googleapis.com/bigquery/v2/projects/vl-data-learn/datasets/cmek_poc_dataset/tables/performance_metrics",
            "table_constraints": [],
            "table_id": "performance_metrics",
            "table_replication_info": [],
            "terraform_labels": {
              "encryption": "cmek",
              "environment": "demo",
              "purpose": "metrics"
            },
            "time_partitioning": [],
            "type": "TABLE",
            "view": []
          },
          "sensitive_attributes": [],
          "identity_schema_version": 0,
          "private": "bnVsbA==",
          "dependencies": [
            "data.google_project.current",
            "google_bigquery_dataset.cmek_dataset",
            "google_kms_crypto_key.cmek_key",
            "google_kms_crypto_key_iam_binding.cmek_services",
            "google_kms_key_ring.cmek_keyring",
            "google_project_service.required_apis",
            "google_service_account.cloud_run_sa",
            "time_sleep.wait_for_apis",
            "time_sleep.wait_for_bigquery_iam"
          ]
        }
      ]
    },
    {
      "mode": "managed",
      "type": "google_bigquery_table",
      "name": "transactions",
      "provider": "provider[\"registry.terraform.io/hashicorp/google\"]",
      "instances": [
        {
          "schema_version": 0,
          "attributes": {
            "allow_resource_tags_on_deletion": false,
            "clustering": null,
            "creation_time": 1750424530846,
            "dataset_id": "cmek_poc_dataset",
            "deletion_protection": false,
            "description": "Financial transaction records",
            "effective_labels": {
              "data_type": "financial",
              "encryption": "cmek",
              "environment": "demo"
            },
            "encryption_configuration": [
              {
                "kms_key_name": "projects/vl-data-learn/locations/europe-west1/keyRings/cmek-poc-keyring/cryptoKeys/cmek-poc-key",
                "kms_key_version": ""
              }
            ],
            "etag": "MvK47iWKzCLkSKelMr3Qdw==",
            "expiration_time": 0,
            "external_data_configuration": [],
            "friendly_name": "",
            "id": "projects/vl-data-learn/datasets/cmek_poc_dataset/tables/transactions",
            "labels": {
              "data_type": "financial",
              "encryption": "cmek",
              "environment": "demo"
            },
            "last_modified_time": 1750424530991,
            "location": "europe-west1",
            "materialized_view": [],
            "max_staleness": "",
            "num_bytes": 0,
            "num_long_term_bytes": 0,
            "num_rows": 0,
            "project": "vl-data-learn",
            "range_partitioning": [],
            "require_partition_filter": false,
            "resource_tags": {},
            "schema": "[{\"description\":\"Unique transaction identifier\",\"mode\":\"REQUIRED\",\"name\":\"transaction_id\",\"type\":\"STRING\"},{\"description\":\"Customer identifier (foreign key)\",\"mode\":\"REQUIRED\",\"name\":\"customer_id\",\"type\":\"STRING\"},{\"description\":\"Transaction amount\",\"mode\":\"REQUIRED\",\"name\":\"amount\",\"type\":\"FLOAT\"},{\"description\":\"Transaction currency\",\"mode\":\"REQUIRED\",\"name\":\"currency\",\"type\":\"STRING\"},{\"description\":\"Transaction timestamp\",\"mode\":\"REQUIRED\",\"name\":\"transaction_date\",\"type\":\"TIMESTAMP\"},{\"description\":\"Merchant name\",\"mode\":\"REQUIRED\",\"name\":\"merchant_name\",\"type\":\"STRING\"},{\"description\":\"Transaction category\",\"mode\":\"REQUIRED\",\"name\":\"category\",\"type\":\"STRING\"}]",
            "self_link": "https://bigquery.googleapis.com/bigquery/v2/projects/vl-data-learn/datasets/cmek_poc_dataset/tables/transactions",
            "table_constraints": [],
            "table_id": "transactions",
            "table_replication_info": [],
            "terraform_labels": {
              "data_type": "financial",
              "encryption": "cmek",
              "environment": "demo"
            },
            "time_partitioning": [],
            "type": "TABLE",
            "view": []
          },
          "sensitive_attributes": [],
          "identity_schema_version": 0,
          "private": "bnVsbA==",
          "dependencies": [
            "data.google_project.current",
            "google_bigquery_dataset.cmek_dataset",
            "google_kms_crypto_key.cmek_key",
            "google_kms_crypto_key_iam_binding.cmek_services",
            "google_kms_key_ring.cmek_keyring",
            "google_project_service.required_apis",
            "google_service_account.cloud_run_sa",
            "time_sleep.wait_for_apis",
            "time_sleep.wait_for_bigquery_iam"
          ]
        }
      ]
    },
    {
      "mode": "managed",
      "type": "google_cloud_run_v2_service",
      "name": "cmek_processor",
      "provider": "provider[\"registry.terraform.io/hashicorp/google\"]",
      "instances": [
        {
          "schema_version": 0,
          "attributes": {
            "annotations": {},
            "binary_authorization": [],
            "client": "",
            "client_version": "",
            "conditions": [
              {
                "execution_reason": "",
                "last_transition_time": "2025-06-24T17:38:46.726438Z",
                "message": "",
                "reason": "",
                "revision_reason": "",
                "severity": "",
                "state": "CONDITION_SUCCEEDED",
                "type": "RoutesReady"
              },
              {
                "execution_reason": "",
                "last_transition_time": "2025-06-24T17:38:45.532009Z",
                "message": "",
                "reason": "",
                "revision_reason": "",
                "severity": "",
                "state": "CONDITION_SUCCEEDED",
                "type": "ConfigurationsReady"
              }
            ],
            "create_time": "2025-06-20T12:40:51.195769Z",
            "creator": "lukosiunas.v@gmail.com",
            "custom_audiences": [],
            "delete_time": "",
            "description": "",
            "effective_annotations": {},
            "effective_labels": {
              "component": "data-processor",
              "created_by": "terraform",
              "encryption": "cmek",
              "environment": "demo",
              "project": "cmek-poc"
            },
            "etag": "\"CKDF68IGEID6-AI/cHJvamVjdHMvdmwtZGF0YS1sZWFybi9sb2NhdGlvbnMvZXVyb3BlLXdlc3QxL3NlcnZpY2VzL2NtZWstcG9jLXByb2Nlc3Nvcg\"",
            "expire_time": "",
            "generation": "3",
            "id": "projects/vl-data-learn/locations/europe-west1/services/cmek-poc-processor",
            "ingress": "INGRESS_TRAFFIC_ALL",
            "labels": {
              "component": "data-processor",
              "created_by": "terraform",
              "encryption": "cmek",
              "environment": "demo",
              "project": "cmek-poc"
            },
            "last_modifier": "lukosiunas.v@gmail.com",
            "latest_created_revision": "projects/vl-data-learn/locations/europe-west1/services/cmek-poc-processor/revisions/cmek-poc-processor-00003-cbw",
            "latest_ready_revision": "projects/vl-data-learn/locations/europe-west1/services/cmek-poc-processor/revisions/cmek-poc-processor-00003-cbw",
            "launch_stage": "GA",
            "location": "europe-west1",
            "name": "cmek-poc-processor",
            "observed_generation": "3",
            "project": "vl-data-learn",
            "reconciling": false,
            "template": [
              {
                "annotations": {},
                "containers": [
                  {
                    "args": [],
                    "command": [],
                    "depends_on": [],
                    "env": [
                      {
                        "name": "PROJECT_ID",
                        "value": "vl-data-learn",
                        "value_source": []
                      },
                      {
                        "name": "REGION",
                        "value": "europe-west1",
                        "value_source": []
                      },
                      {
                        "name": "KMS_KEY_ID",
                        "value": "projects/vl-data-learn/locations/europe-west1/keyRings/cmek-poc-keyring/cryptoKeys/cmek-poc-key",
                        "value_source": []
                      },
                      {
                        "name": "BIGQUERY_DATASET",
                        "value": "cmek_poc_dataset",
                        "value_source": []
                      },
                      {
                        "name": "STORAGE_BUCKET",
                        "value": "cmek-poc-data-6a824d14",
                        "value_source": []
                      }
                    ],
                    "image": "us-docker.pkg.dev/cloudrun/container/hello",
                    "liveness_probe": [],
                    "name": "",
                    "ports": [
                      {
                        "container_port": 8080,
                        "name": "http1"
                      }
                    ],
                    "resources": [
                      {
                        "cpu_idle": true,
                        "limits": {
                          "cpu": "2",
                          "memory": "4Gi"
                        },
                        "startup_cpu_boost": false
                      }
                    ],
                    "startup_probe": [
                      {
                        "failure_threshold": 1,
                        "grpc": [],
                        "http_get": [],
                        "initial_delay_seconds": 0,
                        "period_seconds": 240,
                        "tcp_socket": [
                          {
                            "port": 8080
                          }
                        ],
                        "timeout_seconds": 240
                      }
                    ],
                    "volume_mounts": [],
                    "working_dir": ""
                  }
                ],
                "encryption_key": "",
                "execution_environment": "",
                "labels": {},
                "max_instance_request_concurrency": 160,
                "revision": "",
                "scaling": [
                  {
                    "max_instance_count": 5,
                    "min_instance_count": 0
                  }
                ],
                "service_account": "cmek-poc-run-sa@vl-data-learn.iam.gserviceaccount.com",
                "session_affinity": false,
                "timeout": "3600s",
                "volumes": [],
                "vpc_access": []
              }
            ],
            "terminal_condition": [
              {
                "execution_reason": "",
                "last_transition_time": "2025-06-24T17:38:46.751787Z",
                "message": "",
                "reason": "",
                "revision_reason": "",
                "severity": "",
                "state": "CONDITION_SUCCEEDED",
                "type": "Ready"
              }
            ],
            "terraform_labels": {
              "component": "data-processor",
              "created_by": "terraform",
              "encryption": "cmek",
              "environment": "demo",
              "project": "cmek-poc"
            },
            "timeouts": null,
            "traffic": [
              {
                "percent": 100,
                "revision": "",
                "tag": "",
                "type": "TRAFFIC_TARGET_ALLOCATION_TYPE_LATEST"
              }
            ],
            "traffic_statuses": [
              {
                "percent": 100,
                "revision": "",
                "tag": "",
                "type": "TRAFFIC_TARGET_ALLOCATION_TYPE_LATEST",
                "uri": ""
              }
            ],
            "uid": "51295321-f522-4dab-9e1d-1d8eafcf4d37",
            "update_time": "2025-06-24T17:38:40.006176Z",
            "uri": "https://cmek-poc-processor-lc2vzwuzwq-ew.a.run.app"
          },
          "sensitive_attributes": [],
          "identity_schema_version": 0,
          "private": "eyJlMmJmYjczMC1lY2FhLTExZTYtOGY4OC0zNDM2M2JjN2M0YzAiOnsiY3JlYXRlIjoxMjAwMDAwMDAwMDAwLCJkZWxldGUiOjEyMDAwMDAwMDAwMDAsInVwZGF0ZSI6MTIwMDAwMDAwMDAwMH19",
          "dependencies": [
            "data.google_project.current",
            "google_bigquery_dataset.cmek_dataset",
            "google_kms_crypto_key.cmek_key",
            "google_kms_crypto_key_iam_binding.cmek_services",
            "google_kms_key_ring.cmek_keyring",
            "google_project_service.required_apis",
            "google_service_account.cloud_run_sa",
            "google_storage_bucket.data_bucket",
            "random_id.bucket_suffix",
            "time_sleep.wait_for_apis",
            "time_sleep.wait_for_bigquery_iam",
            "time_sleep.wait_for_storage_iam"
          ]
        }
      ]
    },
    {
      "mode": "managed",
      "type": "google_cloud_run_v2_service_iam_binding",
      "name": "noauth",
      "provider": "provider[\"registry.terraform.io/hashicorp/google\"]",
      "instances": [
        {
          "schema_version": 0,
          "attributes": {
            "condition": [],
            "etag": "BwY4A+4aye4=",
            "id": "projects/vl-data-learn/locations/europe-west1/services/cmek-poc-processor/roles/run.invoker",
            "location": "europe-west1",
            "members": [
              "allUsers"
            ],
            "name": "projects/vl-data-learn/locations/europe-west1/services/cmek-poc-processor",
            "project": "vl-data-learn",
            "role": "roles/run.invoker"
          },
          "sensitive_attributes": [],
          "identity_schema_version": 0,
          "private": "bnVsbA==",
          "dependencies": [
            "data.google_project.current",
            "google_bigquery_dataset.cmek_dataset",
            "google_cloud_run_v2_service.cmek_processor",
            "google_kms_crypto_key.cmek_key",
            "google_kms_crypto_key_iam_binding.cmek_services",
            "google_kms_key_ring.cmek_keyring",
            "google_project_service.required_apis",
            "google_service_account.cloud_run_sa",
            "google_storage_bucket.data_bucket",
            "random_id.bucket_suffix",
            "time_sleep.wait_for_apis",
            "time_sleep.wait_for_bigquery_iam",
            "time_sleep.wait_for_storage_iam"
          ]
        }
      ]
    },
    {
      "mode": "managed",
      "type": "google_cloud_scheduler_job",
      "name": "cmek_processor_trigger",
      "provider": "provider[\"registry.terraform.io/hashicorp/google\"]",
      "instances": [
        {
          "schema_version": 0,
          "attributes": {
            "app_engine_http_target": [],
            "attempt_deadline": "180s",
            "description": "Trigger CMEK data processing pipeline",
            "http_target": [
              {
                "body": "eyJhY3Rpb24iOiJkYWlseV9wcm9jZXNzaW5nIiwicnVuX3BlcmZvcm1hbmNlX3Rlc3QiOnRydWUsInZhbGlkYXRlX2VuY3J5cHRpb24iOnRydWV9",
                "headers": {
                  "Content-Type": "application/json"
                },
                "http_method": "POST",
                "oauth_token": [],
                "oidc_token": [
                  {
                    "audience": "https://cmek-poc-processor-lc2vzwuzwq-ew.a.run.app",
                    "service_account_email": "cmek-poc-run-sa@vl-data-learn.iam.gserviceaccount.com"
                  }
                ],
                "uri": "https://cmek-poc-processor-lc2vzwuzwq-ew.a.run.app/process"
              }
            ],
            "id": "projects/vl-data-learn/locations/europe-west1/jobs/cmek-poc-scheduler",
            "name": "cmek-poc-scheduler",
            "paused": false,
            "project": "vl-data-learn",
            "pubsub_target": [],
            "region": "europe-west1",
            "retry_config": [],
            "schedule": "0 9 * * *",
            "state": "ENABLED",
            "time_zone": "UTC",
            "timeouts": null
          },
          "sensitive_attributes": [],
          "identity_schema_version": 0,
          "private": "eyJlMmJmYjczMC1lY2FhLTExZTYtOGY4OC0zNDM2M2JjN2M0YzAiOnsiY3JlYXRlIjoxMjAwMDAwMDAwMDAwLCJkZWxldGUiOjEyMDAwMDAwMDAwMDAsInVwZGF0ZSI6MTIwMDAwMDAwMDAwMH19",
          "dependencies": [
            "data.google_project.current",
            "google_bigquery_dataset.cmek_dataset",
            "google_cloud_run_v2_service.cmek_processor",
            "google_kms_crypto_key.cmek_key",
            "google_kms_crypto_key_iam_binding.cmek_services",
            "google_kms_key_ring.cmek_keyring",
            "google_project_service.required_apis",
            "google_service_account.cloud_run_sa",
            "google_storage_bucket.data_bucket",
            "random_id.bucket_suffix",
            "time_sleep.wait_for_apis",
            "time_sleep.wait_for_bigquery_iam",
            "time_sleep.wait_for_storage_iam"
          ]
        }
      ]
    },
    {
      "mode": "managed",
      "type": "google_kms_crypto_key",
      "name": "cmek_key",
      "provider": "provider[\"registry.terraform.io/hashicorp/google\"]",
      "instances": [
        {
          "schema_version": 1,
          "attributes": {
            "crypto_key_backend": "",
            "destroy_scheduled_duration": "2592000s",
            "effective_labels": {},
            "id": "projects/vl-data-learn/locations/europe-west1/keyRings/cmek-poc-keyring/cryptoKeys/cmek-poc-key",
            "import_only": false,
            "key_ring": "projects/vl-data-learn/locations/europe-west1/keyRings/cmek-poc-keyring",
            "labels": {},
            "name": "cmek-poc-key",
            "primary": [
              {
                "name": "projects/vl-data-learn/locations/europe-west1/keyRings/cmek-poc-keyring/cryptoKeys/cmek-poc-key/cryptoKeyVersions/1",
                "state": "ENABLED"
              }
            ],
            "purpose": "ENCRYPT_DECRYPT",
            "rotation_period": "7776000s",
            "skip_initial_version_creation": false,
            "terraform_labels": {},
            "timeouts": null,
            "version_template": [
              {
                "algorithm": "GOOGLE_SYMMETRIC_ENCRYPTION",
                "protection_level": "SOFTWARE"
              }
            ]
          },
          "sensitive_attributes": [],
          "identity_schema_version": 0,
          "private": "eyJlMmJmYjczMC1lY2FhLTExZTYtOGY4OC0zNDM2M2JjN2M0YzAiOnsiY3JlYXRlIjoxMjAwMDAwMDAwMDAwLCJkZWxldGUiOjEyMDAwMDAwMDAwMDAsInVwZGF0ZSI6MTIwMDAwMDAwMDAwMH0sInNjaGVtYV92ZXJzaW9uIjoiMSJ9",
          "dependencies": [
            "google_kms_key_ring.cmek_keyring",
            "google_project_service.required_apis",
            "time_sleep.wait_for_apis"
          ]
        }
      ]
    },
    {
      "mode": "managed",
      "type": "google_kms_crypto_key_iam_binding",
      "name": "cmek_services",
      "provider": "provider[\"registry.terraform.io/hashicorp/google\"]",
      "instances": [
        {
          "schema_version": 0,
          "attributes": {
            "condition": [],
            "crypto_key_id": "projects/vl-data-learn/locations/europe-west1/keyRings/cmek-poc-keyring/cryptoKeys/cmek-poc-key",
            "etag": "BwY38DYVsBs=",
            "id": "projects/vl-data-learn/locations/europe-west1/keyRings/cmek-poc-keyring/cryptoKeys/cmek-poc-key/roles/cloudkms.cryptoKeyEncrypterDecrypter",
            "members": [
              "serviceAccount:bq-557077729377@bigquery-encryption.iam.gserviceaccount.com",
              "serviceAccount:cmek-poc-run-sa@vl-data-learn.iam.gserviceaccount.com",
              "serviceAccount:service-557077729377@gs-project-accounts.iam.gserviceaccount.com"
            ],
            "role": "roles/cloudkms.cryptoKeyEncrypterDecrypter"
          },
          "sensitive_attributes": [],
          "identity_schema_version": 0,
          "private": "bnVsbA==",
          "dependencies": [
            "data.google_project.current",
            "google_kms_crypto_key.cmek_key",
            "google_kms_key_ring.cmek_keyring",
            "google_project_service.required_apis",
            "google_service_account.cloud_run_sa",
            "time_sleep.wait_for_apis"
          ]
        }
      ]
    },
    {
      "mode": "managed",
      "type": "google_kms_crypto_key_iam_binding",
      "name": "key_admin",
      "provider": "provider[\"registry.terraform.io/hashicorp/google\"]",
      "instances": [
        {
          "schema_version": 0,
          "attributes": {
            "condition": [],
            "crypto_key_id": "projects/vl-data-learn/locations/europe-west1/keyRings/cmek-poc-keyring/cryptoKeys/cmek-poc-key",
            "etag": "BwY38DYVsBs=",
            "id": "projects/vl-data-learn/locations/europe-west1/keyRings/cmek-poc-keyring/cryptoKeys/cmek-poc-key/roles/cloudkms.admin",
            "members": [
              "user:lukosiunas.v@gmail.com"
            ],
            "role": "roles/cloudkms.admin"
          },
          "sensitive_attributes": [],
          "identity_schema_version": 0,
          "private": "bnVsbA==",
          "dependencies": [
            "google_kms_crypto_key.cmek_key",
            "google_kms_key_ring.cmek_keyring",
            "google_project_service.required_apis",
            "time_sleep.wait_for_apis"
          ]
        }
      ]
    },
    {
      "mode": "managed",
      "type": "google_kms_key_ring",
      "name": "cmek_keyring",
      "provider": "provider[\"registry.terraform.io/hashicorp/google\"]",
      "instances": [
        {
          "schema_version": 0,
          "attributes": {
            "id": "projects/vl-data-learn/locations/europe-west1/keyRings/cmek-poc-keyring",
            "location": "europe-west1",
            "name": "cmek-poc-keyring",
            "project": "vl-data-learn",
            "timeouts": null
          },
          "sensitive_attributes": [],
          "identity_schema_version": 0,
          "private": "eyJlMmJmYjczMC1lY2FhLTExZTYtOGY4OC0zNDM2M2JjN2M0YzAiOnsiY3JlYXRlIjoxMjAwMDAwMDAwMDAwLCJkZWxldGUiOjEyMDAwMDAwMDAwMDB9fQ==",
          "dependencies": [
            "google_project_service.required_apis",
            "time_sleep.wait_for_apis"
          ]
        }
      ]
    },
    {
      "mode": "managed",
      "type": "google_project_iam_member",
      "name": "cloud_run_bigquery",
      "provider": "provider[\"registry.terraform.io/hashicorp/google\"]",
      "instances": [
        {
          "schema_version": 0,
          "attributes": {
            "condition": [],
            "etag": "BwY37wCGudw=",
            "id": "vl-data-learn/roles/bigquery.dataEditor/serviceAccount:cmek-poc-run-sa@vl-data-learn.iam.gserviceaccount.com",
            "member": "serviceAccount:cmek-poc-run-sa@vl-data-learn.iam.gserviceaccount.com",
            "project": "vl-data-learn",
            "role": "roles/bigquery.dataEditor"
          },
          "sensitive_attributes": [],
          "identity_schema_version": 0,
          "private": "bnVsbA==",
          "dependencies": [
            "google_service_account.cloud_run_sa"
          ]
        }
      ]
    },
    {
      "mode": "managed",
      "type": "google_project_iam_member",
      "name": "cloud_run_bigquery_job",
      "provider": "provider[\"registry.terraform.io/hashicorp/google\"]",
      "instances": [
        {
          "schema_version": 0,
          "attributes": {
            "condition": [],
            "etag": "BwY37wCGudw=",
            "id": "vl-data-learn/roles/bigquery.jobUser/serviceAccount:cmek-poc-run-sa@vl-data-learn.iam.gserviceaccount.com",
            "member": "serviceAccount:cmek-poc-run-sa@vl-data-learn.iam.gserviceaccount.com",
            "project": "vl-data-learn",
            "role": "roles/bigquery.jobUser"
          },
          "sensitive_attributes": [],
          "identity_schema_version": 0,
          "private": "bnVsbA==",
          "dependencies": [
            "google_service_account.cloud_run_sa"
          ]
        }
      ]
    },
    {
      "mode": "managed",
      "type": "google_project_iam_member",
      "name": "cloud_run_logging",
      "provider": "provider[\"registry.terraform.io/hashicorp/google\"]",
      "instances": [
        {
          "schema_version": 0,
          "attributes": {
            "condition": [],
            "etag": "BwY37wCGudw=",
            "id": "vl-data-learn/roles/logging.logWriter/serviceAccount:cmek-poc-run-sa@vl-data-learn.iam.gserviceaccount.com",
            "member": "serviceAccount:cmek-poc-run-sa@vl-data-learn.iam.gserviceaccount.com",
            "project": "vl-data-learn",
            "role": "roles/logging.logWriter"
          },
          "sensitive_attributes": [],
          "identity_schema_version": 0,
          "private": "bnVsbA==",
          "dependencies": [
            "google_service_account.cloud_run_sa"
          ]
        }
      ]
    },
    {
      "mode": "managed",
      "type": "google_project_iam_member",
      "name": "cloud_run_monitoring",
      "provider": "provider[\"registry.terraform.io/hashicorp/google\"]",
      "instances": [
        {
          "schema_version": 0,
          "attributes": {
            "condition": [],
            "etag": "BwY37wCGudw=",
            "id": "vl-data-learn/roles/monitoring.metricWriter/serviceAccount:cmek-poc-run-sa@vl-data-learn.iam.gserviceaccount.com",
            "member": "serviceAccount:cmek-poc-run-sa@vl-data-learn.iam.gserviceaccount.com",
            "project": "vl-data-learn",
            "role": "roles/monitoring.metricWriter"
          },
          "sensitive_attributes": [],
          "identity_schema_version": 0,
          "private": "bnVsbA==",
          "dependencies": [
            "google_service_account.cloud_run_sa"
          ]
        }
      ]
    },
    {
      "mode": "managed",
      "type": "google_project_iam_member",
      "name": "cloud_run_storage",
      "provider": "provider[\"registry.terraform.io/hashicorp/google\"]",
      "instances": [
        {
          "schema_version": 0,
          "attributes": {
            "condition": [],
            "etag": "BwY37wCGudw=",
            "id": "vl-data-learn/roles/storage.objectViewer/serviceAccount:cmek-poc-run-sa@vl-data-learn.iam.gserviceaccount.com",
            "member": "serviceAccount:cmek-poc-run-sa@vl-data-learn.iam.gserviceaccount.com",
            "project": "vl-data-learn",
            "role": "roles/storage.objectViewer"
          },
          "sensitive_attributes": [],
          "identity_schema_version": 0,
          "private": "bnVsbA==",
          "dependencies": [
            "google_service_account.cloud_run_sa"
          ]
        }
      ]
    },
    {
      "mode": "managed",
      "type": "google_project_iam_member",
      "name": "cloud_run_storage_admin",
      "provider": "provider[\"registry.terraform.io/hashicorp/google\"]",
      "instances": [
        {
          "schema_version": 0,
          "attributes": {
            "condition": [],
            "etag": "BwY37wCGudw=",
            "id": "vl-data-learn/roles/storage.admin/serviceAccount:cmek-poc-run-sa@vl-data-learn.iam.gserviceaccount.com",
            "member": "serviceAccount:cmek-poc-run-sa@vl-data-learn.iam.gserviceaccount.com",
            "project": "vl-data-learn",
            "role": "roles/storage.admin"
          },
          "sensitive_attributes": [],
          "identity_schema_version": 0,
          "private": "bnVsbA==",
          "dependencies": [
            "google_service_account.cloud_run_sa"
          ]
        }
      ]
    },
    {
      "mode": "managed",
      "type": "google_project_service",
      "name": "required_apis",
      "provider": "provider[\"registry.terraform.io/hashicorp/google\"]",
      "instances": [
        {
          "index_key": "bigquery.googleapis.com",
          "schema_version": 0,
          "attributes": {
            "disable_dependent_services": false,
            "disable_on_destroy": false,
            "id": "vl-data-learn/bigquery.googleapis.com",
            "project": "vl-data-learn",
            "service": "bigquery.googleapis.com",
            "timeouts": null
          },
          "sensitive_attributes": [],
          "identity_schema_version": 0,
          "private": "eyJlMmJmYjczMC1lY2FhLTExZTYtOGY4OC0zNDM2M2JjN2M0YzAiOnsiY3JlYXRlIjoxMjAwMDAwMDAwMDAwLCJkZWxldGUiOjEyMDAwMDAwMDAwMDAsInJlYWQiOjYwMDAwMDAwMDAwMCwidXBkYXRlIjoxMjAwMDAwMDAwMDAwfX0="
        },
        {
          "index_key": "cloudbuild.googleapis.com",
          "schema_version": 0,
          "attributes": {
            "disable_dependent_services": false,
            "disable_on_destroy": false,
            "id": "vl-data-learn/cloudbuild.googleapis.com",
            "project": "vl-data-learn",
            "service": "cloudbuild.googleapis.com",
            "timeouts": null
          },
          "sensitive_attributes": [],
          "identity_schema_version": 0,
          "private": "eyJlMmJmYjczMC1lY2FhLTExZTYtOGY4OC0zNDM2M2JjN2M0YzAiOnsiY3JlYXRlIjoxMjAwMDAwMDAwMDAwLCJkZWxldGUiOjEyMDAwMDAwMDAwMDAsInJlYWQiOjYwMDAwMDAwMDAwMCwidXBkYXRlIjoxMjAwMDAwMDAwMDAwfX0="
        },
        {
          "index_key": "cloudkms.googleapis.com",
          "schema_version": 0,
          "attributes": {
            "disable_dependent_services": false,
            "disable_on_destroy": false,
            "id": "vl-data-learn/cloudkms.googleapis.com",
            "project": "vl-data-learn",
            "service": "cloudkms.googleapis.com",
            "timeouts": null
          },
          "sensitive_attributes": [],
          "identity_schema_version": 0,
          "private": "eyJlMmJmYjczMC1lY2FhLTExZTYtOGY4OC0zNDM2M2JjN2M0YzAiOnsiY3JlYXRlIjoxMjAwMDAwMDAwMDAwLCJkZWxldGUiOjEyMDAwMDAwMDAwMDAsInJlYWQiOjYwMDAwMDAwMDAwMCwidXBkYXRlIjoxMjAwMDAwMDAwMDAwfX0="
        },
        {
          "index_key": "cloudscheduler.googleapis.com",
          "schema_version": 0,
          "attributes": {
            "disable_dependent_services": false,
            "disable_on_destroy": false,
            "id": "vl-data-learn/cloudscheduler.googleapis.com",
            "project": "vl-data-learn",
            "service": "cloudscheduler.googleapis.com",
            "timeouts": null
          },
          "sensitive_attributes": [],
          "identity_schema_version": 0,
          "private": "eyJlMmJmYjczMC1lY2FhLTExZTYtOGY4OC0zNDM2M2JjN2M0YzAiOnsiY3JlYXRlIjoxMjAwMDAwMDAwMDAwLCJkZWxldGUiOjEyMDAwMDAwMDAwMDAsInJlYWQiOjYwMDAwMDAwMDAwMCwidXBkYXRlIjoxMjAwMDAwMDAwMDAwfX0="
        },
        {
          "index_key": "logging.googleapis.com",
          "schema_version": 0,
          "attributes": {
            "disable_dependent_services": false,
            "disable_on_destroy": false,
            "id": "vl-data-learn/logging.googleapis.com",
            "project": "vl-data-learn",
            "service": "logging.googleapis.com",
            "timeouts": null
          },
          "sensitive_attributes": [],
          "identity_schema_version": 0,
          "private": "eyJlMmJmYjczMC1lY2FhLTExZTYtOGY4OC0zNDM2M2JjN2M0YzAiOnsiY3JlYXRlIjoxMjAwMDAwMDAwMDAwLCJkZWxldGUiOjEyMDAwMDAwMDAwMDAsInJlYWQiOjYwMDAwMDAwMDAwMCwidXBkYXRlIjoxMjAwMDAwMDAwMDAwfX0="
        },
        {
          "index_key": "monitoring.googleapis.com",
          "schema_version": 0,
          "attributes": {
            "disable_dependent_services": false,
            "disable_on_destroy": false,
            "id": "vl-data-learn/monitoring.googleapis.com",
            "project": "vl-data-learn",
            "service": "monitoring.googleapis.com",
            "timeouts": null
          },
          "sensitive_attributes": [],
          "identity_schema_version": 0,
          "private": "eyJlMmJmYjczMC1lY2FhLTExZTYtOGY4OC0zNDM2M2JjN2M0YzAiOnsiY3JlYXRlIjoxMjAwMDAwMDAwMDAwLCJkZWxldGUiOjEyMDAwMDAwMDAwMDAsInJlYWQiOjYwMDAwMDAwMDAwMCwidXBkYXRlIjoxMjAwMDAwMDAwMDAwfX0="
        },
        {
          "index_key": "run.googleapis.com",
          "schema_version": 0,
          "attributes": {
            "disable_dependent_services": false,
            "disable_on_destroy": false,
            "id": "vl-data-learn/run.googleapis.com",
            "project": "vl-data-learn",
            "service": "run.googleapis.com",
            "timeouts": null
          },
          "sensitive_attributes": [],
          "identity_schema_version": 0,
          "private": "eyJlMmJmYjczMC1lY2FhLTExZTYtOGY4OC0zNDM2M2JjN2M0YzAiOnsiY3JlYXRlIjoxMjAwMDAwMDAwMDAwLCJkZWxldGUiOjEyMDAwMDAwMDAwMDAsInJlYWQiOjYwMDAwMDAwMDAwMCwidXBkYXRlIjoxMjAwMDAwMDAwMDAwfX0="
        },
        {
          "index_key": "storage.googleapis.com",
          "schema_version": 0,
          "attributes": {
            "disable_dependent_services": false,
            "disable_on_destroy": false,
            "id": "vl-data-learn/storage.googleapis.com",
            "project": "vl-data-learn",
            "service": "storage.googleapis.com",
            "timeouts": null
          },
          "sensitive_attributes": [],
          "identity_schema_version": 0,
          "private": "eyJlMmJmYjczMC1lY2FhLTExZTYtOGY4OC0zNDM2M2JjN2M0YzAiOnsiY3JlYXRlIjoxMjAwMDAwMDAwMDAwLCJkZWxldGUiOjEyMDAwMDAwMDAwMDAsInJlYWQiOjYwMDAwMDAwMDAwMCwidXBkYXRlIjoxMjAwMDAwMDAwMDAwfX0="
        }
      ]
    },
    {
      "mode": "managed",
      "type": "google_service_account",
      "name": "cloud_run_sa",
      "provider": "provider[\"registry.terraform.io/hashicorp/google\"]",
      "instances": [
        {
          "schema_version": 0,
          "attributes": {
            "account_id": "cmek-poc-run-sa",
            "create_ignore_already_exists": null,
            "description": "Service account for Cloud Run CMEK data processing",
            "disabled": false,
            "display_name": "CMEK POC Cloud Run Service Account",
            "email": "cmek-poc-run-sa@vl-data-learn.iam.gserviceaccount.com",
            "id": "projects/vl-data-learn/serviceAccounts/cmek-poc-run-sa@vl-data-learn.iam.gserviceaccount.com",
            "member": "serviceAccount:cmek-poc-run-sa@vl-data-learn.iam.gserviceaccount.com",
            "name": "projects/vl-data-learn/serviceAccounts/cmek-poc-run-sa@vl-data-learn.iam.gserviceaccount.com",
            "project": "vl-data-learn",
            "timeouts": null,
            "unique_id": "116109665715782180315"
          },
          "sensitive_attributes": [],
          "identity_schema_version": 0,
          "private": "eyJlMmJmYjczMC1lY2FhLTExZTYtOGY4OC0zNDM2M2JjN2M0YzAiOnsiY3JlYXRlIjozMDAwMDAwMDAwMDB9fQ=="
        }
      ]
    },
    {
      "mode": "managed",
      "type": "google_storage_bucket",
      "name": "data_bucket",
      "provider": "provider[\"registry.terraform.io/hashicorp/google\"]",
      "instances": [
        {
          "schema_version": 2,
          "attributes": {
            "autoclass": [],
            "cors": [],
            "custom_placement_config": [],
            "default_event_based_hold": false,
            "effective_labels": {
              "encryption": "cmek",
              "environment": "demo",
              "purpose": "data-storage"
            },
            "enable_object_retention": false,
            "encryption": [
              {
                "default_kms_key_name": "projects/vl-data-learn/locations/europe-west1/keyRings/cmek-poc-keyring/cryptoKeys/cmek-poc-key"
              }
            ],
            "force_destroy": true,
            "id": "cmek-poc-data-6a824d14",
            "labels": {
              "encryption": "cmek",
              "environment": "demo",
              "purpose": "data-storage"
            },
            "lifecycle_rule": [
              {
                "action": [
                  {
                    "storage_class": "",
                    "type": "Delete"
                  }
                ],
                "condition": [
                  {
                    "age": 90,
                    "created_before": "",
                    "custom_time_before": "",
                    "days_since_custom_time": 0,
                    "days_since_noncurrent_time": 0,
                    "matches_prefix": [],
                    "matches_storage_class": [],
                    "matches_suffix": [],
                    "no_age": false,
                    "noncurrent_time_before": "",
                    "num_newer_versions": 0,
                    "send_age_if_zero": true,
                    "send_days_since_custom_time_if_zero": false,
                    "send_days_since_noncurrent_time_if_zero": false,
                    "send_num_newer_versions_if_zero": false,
                    "with_state": "ANY"
                  }
                ]
              }
            ],
            "location": "EUROPE-WEST1",
            "logging": [],
            "name": "cmek-poc-data-6a824d14",
            "project": "vl-data-learn",
            "project_number": 557077729377,
            "public_access_prevention": "inherited",
            "requester_pays": false,
            "retention_policy": [],
            "rpo": null,
            "self_link": "https://www.googleapis.com/storage/v1/b/cmek-poc-data-6a824d14",
            "soft_delete_policy": [
              {
                "effective_time": "2025-05-29T16:29:24.482Z",
                "retention_duration_seconds": 604800
              }
            ],
            "storage_class": "STANDARD",
            "terraform_labels": {
              "encryption": "cmek",
              "environment": "demo",
              "purpose": "data-storage"
            },
            "timeouts": null,
            "uniform_bucket_level_access": true,
            "url": "gs://cmek-poc-data-6a824d14",
            "versioning": [
              {
                "enabled": true
              }
            ],
            "website": []
          },
          "sensitive_attributes": [],
          "identity_schema_version": 0,
          "private": "eyJlMmJmYjczMC1lY2FhLTExZTYtOGY4OC0zNDM2M2JjN2M0YzAiOnsiY3JlYXRlIjo2MDAwMDAwMDAwMDAsInJlYWQiOjI0MDAwMDAwMDAwMCwidXBkYXRlIjoyNDAwMDAwMDAwMDB9LCJzY2hlbWFfdmVyc2lvbiI6IjIifQ==",
          "dependencies": [
            "data.google_project.current",
            "google_kms_crypto_key.cmek_key",
            "google_kms_crypto_key_iam_binding.cmek_services",
            "google_kms_key_ring.cmek_keyring",
            "google_project_service.required_apis",
            "google_service_account.cloud_run_sa",
            "random_id.bucket_suffix",
            "time_sleep.wait_for_apis",
            "time_sleep.wait_for_storage_iam"
          ]
        }
      ]
    },
    {
      "mode": "managed",
      "type": "google_storage_bucket_iam_binding",
      "name": "bucket_access",
      "provider": "provider[\"registry.terraform.io/hashicorp/google\"]",
      "instances": [
        {
          "schema_version": 0,
          "attributes": {
            "bucket": "b/cmek-poc-data-6a824d14",
            "condition": [],
            "etag": "CAM=",
            "id": "b/cmek-poc-data-6a824d14/roles/storage.admin",
            "members": [
              "serviceAccount:cmek-poc-run-sa@vl-data-learn.iam.gserviceaccount.com"
            ],
            "role": "roles/storage.admin"
          },
          "sensitive_attributes": [],
          "identity_schema_version": 0,
          "private": "bnVsbA==",
          "dependencies": [
            "data.google_project.current",
            "google_kms_crypto_key.cmek_key",
            "google_kms_crypto_key_iam_binding.cmek_services",
            "google_kms_key_ring.cmek_keyring",
            "google_project_service.required_apis",
            "google_service_account.cloud_run_sa",
            "google_storage_bucket.data_bucket",
            "random_id.bucket_suffix",
            "time_sleep.wait_for_apis",
            "time_sleep.wait_for_storage_iam"
          ]
        }
      ]
    },
    {
      "mode": "managed",
      "type": "random_id",
      "name": "bucket_suffix",
      "provider": "provider[\"registry.terraform.io/hashicorp/random\"]",
      "instances": [
        {
          "schema_version": 0,
          "attributes": {
            "b64_std": "aoJNFA==",
            "b64_url": "aoJNFA",
            "byte_length": 4,
            "dec": "1786924308",
            "hex": "6a824d14",
            "id": "aoJNFA",
            "keepers": null,
            "prefix": null
          },
          "sensitive_attributes": [],
          "identity_schema_version": 0
        }
      ]
    },
    {
      "mode": "managed",
      "type": "time_sleep",
      "name": "wait_for_apis",
      "provider": "provider[\"registry.terraform.io/hashicorp/time\"]",
      "instances": [
        {
          "schema_version": 0,
          "attributes": {
            "create_duration": "30s",
            "destroy_duration": null,
            "id": "2025-05-29T16:29:00Z",
            "triggers": null
          },
          "sensitive_attributes": [],
          "identity_schema_version": 0,
          "dependencies": [
            "google_project_service.required_apis"
          ]
        }
      ]
    },
    {
      "mode": "managed",
      "type": "time_sleep",
      "name": "wait_for_bigquery_iam",
      "provider": "provider[\"registry.terraform.io/hashicorp/time\"]",
      "instances": [
        {
          "schema_version": 0,
          "attributes": {
            "create_duration": "60s",
            "destroy_duration": null,
            "id": "2025-05-29T16:32:15Z",
            "triggers": null
          },
          "sensitive_attributes": [],
          "identity_schema_version": 0,
          "dependencies": [
            "data.google_project.current",
            "google_kms_crypto_key.cmek_key",
            "google_kms_crypto_key_iam_binding.cmek_services",
            "google_kms_key_ring.cmek_keyring",
            "google_project_service.required_apis",
            "google_service_account.cloud_run_sa",
            "time_sleep.wait_for_apis"
          ]
        }
      ]
    },
    {
      "mode": "managed",
      "type": "time_sleep",
      "name": "wait_for_storage_iam",
      "provider": "provider[\"registry.terraform.io/hashicorp/time\"]",
      "instances": [
        {
          "schema_version": 0,
          "attributes": {
            "create_duration": "120s",
            "destroy_duration": null,
            "id": "2025-06-19T16:55:53Z",
            "triggers": null
          },
          "sensitive_attributes": [],
          "identity_schema_version": 0,
          "dependencies": [
            "data.google_project.current",
            "google_kms_crypto_key.cmek_key",
            "google_kms_crypto_key_iam_binding.cmek_services",
            "google_kms_key_ring.cmek_keyring",
            "google_project_service.required_apis",
            "google_service_account.cloud_run_sa",
            "time_sleep.wait_for_apis"
          ]
        }
      ]
    }
  ],
  "check_results": [
    {
      "object_kind": "var",
      "config_addr": "var.environment",
      "status": "pass",
      "objects": [
        {
          "object_addr": "var.environment",
          "status": "pass"
        }
      ]
    },
    {
      "object_kind": "var",
      "config_addr": "var.cloud_run_cpu",
      "status": "pass",
      "objects": [
        {
          "object_addr": "var.cloud_run_cpu",
          "status": "pass"
        }
      ]
    },
    {
      "object_kind": "var",
      "config_addr": "var.project_id",
      "status": "pass",
      "objects": [
        {
          "object_addr": "var.project_id",
          "status": "pass"
        }
      ]
    },
    {
      "object_kind": "var",
      "config_addr": "var.storage_lifecycle_age",
      "status": "pass",
      "objects": [
        {
          "object_addr": "var.storage_lifecycle_age",
          "status": "pass"
        }
      ]
    },
    {
      "object_kind": "var",
      "config_addr": "var.cloud_run_min_instances",
      "status": "pass",
      "objects": [
        {
          "object_addr": "var.cloud_run_min_instances",
          "status": "pass"
        }
      ]
    },
    {
      "object_kind": "var",
      "config_addr": "var.key_rotation_period",
      "status": "pass",
      "objects": [
        {
          "object_addr": "var.key_rotation_period",
          "status": "pass"
        }
      ]
    },
    {
      "object_kind": "var",
      "config_addr": "var.dataset_owner_email",
      "status": "pass",
      "objects": [
        {
          "object_addr": "var.dataset_owner_email",
          "status": "pass"
        }
      ]
    },
    {
      "object_kind": "var",
      "config_addr": "var.cloud_run_max_instances",
      "status": "pass",
      "objects": [
        {
          "object_addr": "var.cloud_run_max_instances",
          "status": "pass"
        }
      ]
    },
    {
      "object_kind": "var",
      "config_addr": "var.cloud_run_memory",
      "status": "pass",
      "objects": [
        {
          "object_addr": "var.cloud_run_memory",
          "status": "pass"
        }
      ]
    },
    {
      "object_kind": "var",
      "config_addr": "var.region",
      "status": "pass",
      "objects": [
        {
          "object_addr": "var.region",
          "status": "pass"
        }
      ]
    }
  ]
}
